
Microsoft Visual Studio Solution File, Format Version 12.00
# Visual Studio Version 16
VisualStudioVersion = 16.0.29519.87
MinimumVisualStudioVersion = 10.0.40219.1
Project("{FAE04EC0-301F-11D3-BF4B-00C04F79EFBC}") = "Console", "Console\Console.csproj", "{EADACAC8-2A1A-4E26-B514-8301A18A8161}"
EndProject
Project("{FAE04EC0-301F-11D3-BF4B-00C04F79EFBC}") = "CalculatorUnitTest", "CalculatorUnitTest\CalculatorUnitTest.csproj", "{89DE8623-AAFC-4B01-B2A6-E7FC9331B8A7}"
EndProject
Global
	GlobalSection(SolutionConfigurationPlatforms) = preSolution
		Debug|Any CPU = Debug|Any CPU
		Release|Any CPU = Release|Any CPU
	EndGlobalSection
	GlobalSection(ProjectConfigurationPlatforms) = postSolution
		{EADACAC8-2A1A-4E26-B514-8301A18A8161}.Debug|Any CPU.ActiveCfg = Debug|Any CPU
		{EADACAC8-2A1A-4E26-B514-8301A18A8161}.Debug|Any CPU.Build.0 = Debug|Any CPU
		{EADACAC8-2A1A-4E26-B514-8301A18A8161}.Release|Any CPU.ActiveCfg = Release|Any CPU
		{EADACAC8-2A1A-4E26-B514-8301A18A8161}.Release|Any CPU.Build.0 = Release|Any CPU
		{89DE8623-AAFC-4B01-B2A6-E7FC9331B8A7}.Debug|Any CPU.ActiveCfg = Debug|Any CPU
		{89DE8623-AAFC-4B01-B2A6-E7FC9331B8A7}.Debug|Any CPU.Build.0 = Debug|Any CPU
		{89DE8623-AAFC-4B01-B2A6-E7FC9331B8A7}.Release|Any CPU.ActiveCfg = Release|Any CPU
		{89DE8623-AAFC-4B01-B2A6-E7FC9331B8A7}.Release|Any CPU.Build.0 = Release|Any CPU
	EndGlobalSection
	GlobalSection(SolutionProperties) = preSolution
		HideSolutionNode = FALSE
	EndGlobalSection
	GlobalSection(ExtensibilityGlobals) = postSolution
		SolutionGuid = {206FD9CF-9940-4623-99EA-E446EF2463D6}
	EndGlobalSection
EndGlobal
